
Microsoft Visual Studio Solution File, Format Version 12.00
# Visual Studio Version 16
VisualStudioVersion = 16.0.29519.181
MinimumVisualStudioVersion = 10.0.40219.1
Project("{9A19103F-16F7-4668-BE54-9A1E7A4F7556}") = "BulkyBook", "BulkyBook\BulkyBook.csproj", "{F9539ABB-5A1C-47B2-AE07-E4CF74F7ED38}"
EndProject
Project("{9A19103F-16F7-4668-BE54-9A1E7A4F7556}") = "BulkyBook.DataAccess", "BulkyBook.DataAccess\BulkyBook.DataAccess.csproj", "{2F583654-DDF0-4569-8C10-75E6E8892AE9}"
EndProject
Project("{9A19103F-16F7-4668-BE54-9A1E7A4F7556}") = "BulkyBook.Models", "BulkyBook.Models\BulkyBook.Models.csproj", "{D9B6D4E6-3896-4CC9-A978-C9A405596A60}"
EndProject
Project("{9A19103F-16F7-4668-BE54-9A1E7A4F7556}") = "BulkyBook.Utility", "BulkyBook.Utility\BulkyBook.Utility.csproj", "{D8FA14FB-5366-4A82-B245-D780C9385EAE}"
EndProject
Global
	GlobalSection(SolutionConfigurationPlatforms) = preSolution
		Debug|Any CPU = Debug|Any CPU
		Release|Any CPU = Release|Any CPU
	EndGlobalSection
	GlobalSection(ProjectConfigurationPlatforms) = postSolution
		{F9539ABB-5A1C-47B2-AE07-E4CF74F7ED38}.Debug|Any CPU.ActiveCfg = Debug|Any CPU
		{F9539ABB-5A1C-47B2-AE07-E4CF74F7ED38}.Debug|Any CPU.Build.0 = Debug|Any CPU
		{F9539ABB-5A1C-47B2-AE07-E4CF74F7ED38}.Release|Any CPU.ActiveCfg = Release|Any CPU
		{F9539ABB-5A1C-47B2-AE07-E4CF74F7ED38}.Release|Any CPU.Build.0 = Release|Any CPU
		{2F583654-DDF0-4569-8C10-75E6E8892AE9}.Debug|Any CPU.ActiveCfg = Debug|Any CPU
		{2F583654-DDF0-4569-8C10-75E6E8892AE9}.Debug|Any CPU.Build.0 = Debug|Any CPU
		{2F583654-DDF0-4569-8C10-75E6E8892AE9}.Release|Any CPU.ActiveCfg = Release|Any CPU
		{2F583654-DDF0-4569-8C10-75E6E8892AE9}.Release|Any CPU.Build.0 = Release|Any CPU
		{D9B6D4E6-3896-4CC9-A978-C9A405596A60}.Debug|Any CPU.ActiveCfg = Debug|Any CPU
		{D9B6D4E6-3896-4CC9-A978-C9A405596A60}.Debug|Any CPU.Build.0 = Debug|Any CPU
		{D9B6D4E6-3896-4CC9-A978-C9A405596A60}.Release|Any CPU.ActiveCfg = Release|Any CPU
		{D9B6D4E6-3896-4CC9-A978-C9A405596A60}.Release|Any CPU.Build.0 = Release|Any CPU
		{D8FA14FB-5366-4A82-B245-D780C9385EAE}.Debug|Any CPU.ActiveCfg = Debug|Any CPU
		{D8FA14FB-5366-4A82-B245-D780C9385EAE}.Debug|Any CPU.Build.0 = Debug|Any CPU
		{D8FA14FB-5366-4A82-B245-D780C9385EAE}.Release|Any CPU.ActiveCfg = Release|Any CPU
		{D8FA14FB-5366-4A82-B245-D780C9385EAE}.Release|Any CPU.Build.0 = Release|Any CPU
	EndGlobalSection
	GlobalSection(SolutionProperties) = preSolution
		HideSolutionNode = FALSE
	EndGlobalSection
	GlobalSection(ExtensibilityGlobals) = postSolution
		SolutionGuid = {3E128245-2759-4F6E-B010-4D26E4534D3D}
	EndGlobalSection
EndGlobal
