
Microsoft Visual Studio Solution File, Format Version 12.00
# Visual Studio Version 16
VisualStudioVersion = 16.0.29519.181
MinimumVisualStudioVersion = 10.0.40219.1
Project("{FAE04EC0-301F-11D3-BF4B-00C04F79EFBC}") = "BulkyBook", "BulkyBook\BulkyBook.csproj", "{F9539ABB-5A1C-47B2-AE07-E4CF74F7ED38}"
EndProject
Global
	GlobalSection(SolutionConfigurationPlatforms) = preSolution
		Debug|Any CPU = Debug|Any CPU
		Release|Any CPU = Release|Any CPU
	EndGlobalSection
	GlobalSection(ProjectConfigurationPlatforms) = postSolution
		{F9539ABB-5A1C-47B2-AE07-E4CF74F7ED38}.Debug|Any CPU.ActiveCfg = Debug|Any CPU
		{F9539ABB-5A1C-47B2-AE07-E4CF74F7ED38}.Debug|Any CPU.Build.0 = Debug|Any CPU
		{F9539ABB-5A1C-47B2-AE07-E4CF74F7ED38}.Release|Any CPU.ActiveCfg = Release|Any CPU
		{F9539ABB-5A1C-47B2-AE07-E4CF74F7ED38}.Release|Any CPU.Build.0 = Release|Any CPU
	EndGlobalSection
	GlobalSection(SolutionProperties) = preSolution
		HideSolutionNode = FALSE
	EndGlobalSection
	GlobalSection(ExtensibilityGlobals) = postSolution
		SolutionGuid = {3E128245-2759-4F6E-B010-4D26E4534D3D}
	EndGlobalSection
EndGlobal
